
Microsoft Visual Studio Solution File, Format Version 12.00
# Visual Studio Version 17
VisualStudioVersion = 17.7.34024.191
MinimumVisualStudioVersion = 10.0.40219.1
Project("{FAE04EC0-301F-11D3-BF4B-00C04F79EFBC}") = "ConsoleApp10", "ConsoleApp10\ConsoleApp10.csproj", "{8FAFEF3A-B9E2-4987-BFD2-866DF4F2B2A0}"
EndProject
Global
	GlobalSection(SolutionConfigurationPlatforms) = preSolution
		Debug|Any CPU = Debug|Any CPU
		Release|Any CPU = Release|Any CPU
	EndGlobalSection
	GlobalSection(ProjectConfigurationPlatforms) = postSolution
		{8FAFEF3A-B9E2-4987-BFD2-866DF4F2B2A0}.Debug|Any CPU.ActiveCfg = Debug|Any CPU
		{8FAFEF3A-B9E2-4987-BFD2-866DF4F2B2A0}.Debug|Any CPU.Build.0 = Debug|Any CPU
		{8FAFEF3A-B9E2-4987-BFD2-866DF4F2B2A0}.Release|Any CPU.ActiveCfg = Release|Any CPU
		{8FAFEF3A-B9E2-4987-BFD2-866DF4F2B2A0}.Release|Any CPU.Build.0 = Release|Any CPU
	EndGlobalSection
	GlobalSection(SolutionProperties) = preSolution
		HideSolutionNode = FALSE
	EndGlobalSection
	GlobalSection(ExtensibilityGlobals) = postSolution
		SolutionGuid = {EDB0B2B2-357A-450C-8C66-EC35155CB946}
	EndGlobalSection
EndGlobal
